
Microsoft Visual Studio Solution File, Format Version 12.00
# Visual Studio Version 17
VisualStudioVersion = 17.2.32519.379
MinimumVisualStudioVersion = 10.0.40219.1
Project("{FAE04EC0-301F-11D3-BF4B-00C04F79EFBC}") = "1popitka", "1popitka\1popitka.csproj", "{4485727C-9684-44B5-B41A-E81E8C4067C2}"
EndProject
Global
	GlobalSection(SolutionConfigurationPlatforms) = preSolution
		Debug|Any CPU = Debug|Any CPU
		Release|Any CPU = Release|Any CPU
	EndGlobalSection
	GlobalSection(ProjectConfigurationPlatforms) = postSolution
		{4485727C-9684-44B5-B41A-E81E8C4067C2}.Debug|Any CPU.ActiveCfg = Debug|Any CPU
		{4485727C-9684-44B5-B41A-E81E8C4067C2}.Debug|Any CPU.Build.0 = Debug|Any CPU
		{4485727C-9684-44B5-B41A-E81E8C4067C2}.Release|Any CPU.ActiveCfg = Release|Any CPU
		{4485727C-9684-44B5-B41A-E81E8C4067C2}.Release|Any CPU.Build.0 = Release|Any CPU
	EndGlobalSection
	GlobalSection(SolutionProperties) = preSolution
		HideSolutionNode = FALSE
	EndGlobalSection
	GlobalSection(ExtensibilityGlobals) = postSolution
		SolutionGuid = {2F5F7DA9-E110-40AA-9533-CD33E6EEE5F6}
	EndGlobalSection
EndGlobal
